
Microsoft Visual Studio Solution File, Format Version 12.00
# Visual Studio 15
VisualStudioVersion = 15.0.28307.421
MinimumVisualStudioVersion = 10.0.40219.1
Project("{9A19103F-16F7-4668-BE54-9A1E7A4F7556}") = "ColorsWebAPI", "DemoWebAPI\ColorsWebAPI.csproj", "{F81E1DAB-29FF-4642-AAD4-C1E8E95B7660}"
	ProjectSection(ProjectDependencies) = postProject
		{A3AA2E41-53CD-4040-951E-2686556D4B83} = {A3AA2E41-53CD-4040-951E-2686556D4B83}
	EndProjectSection
EndProject
Project("{FAE04EC0-301F-11D3-BF4B-00C04F79EFBC}") = "Colors.Services", "Colors.Services\Colors.Services.csproj", "{A3AA2E41-53CD-4040-951E-2686556D4B83}"
EndProject
Project("{FAE04EC0-301F-11D3-BF4B-00C04F79EFBC}") = "Colors.Interface", "Colors.Interface\Colors.Interface.csproj", "{B29F7258-3C78-409F-8DD6-E88E79E1B50E}"
	ProjectSection(ProjectDependencies) = postProject
		{0852E566-7B69-4916-B55F-1A64C1027D8F} = {0852E566-7B69-4916-B55F-1A64C1027D8F}
	EndProjectSection
EndProject
Project("{FAE04EC0-301F-11D3-BF4B-00C04F79EFBC}") = "Colors.Domain", "Colors.Domain\Colors.Domain.csproj", "{0852E566-7B69-4916-B55F-1A64C1027D8F}"
EndProject
Global
	GlobalSection(SolutionConfigurationPlatforms) = preSolution
		Debug|Any CPU = Debug|Any CPU
		Release|Any CPU = Release|Any CPU
	EndGlobalSection
	GlobalSection(ProjectConfigurationPlatforms) = postSolution
		{F81E1DAB-29FF-4642-AAD4-C1E8E95B7660}.Debug|Any CPU.ActiveCfg = Debug|Any CPU
		{F81E1DAB-29FF-4642-AAD4-C1E8E95B7660}.Debug|Any CPU.Build.0 = Debug|Any CPU
		{F81E1DAB-29FF-4642-AAD4-C1E8E95B7660}.Release|Any CPU.ActiveCfg = Release|Any CPU
		{F81E1DAB-29FF-4642-AAD4-C1E8E95B7660}.Release|Any CPU.Build.0 = Release|Any CPU
		{A3AA2E41-53CD-4040-951E-2686556D4B83}.Debug|Any CPU.ActiveCfg = Debug|Any CPU
		{A3AA2E41-53CD-4040-951E-2686556D4B83}.Debug|Any CPU.Build.0 = Debug|Any CPU
		{A3AA2E41-53CD-4040-951E-2686556D4B83}.Release|Any CPU.ActiveCfg = Release|Any CPU
		{A3AA2E41-53CD-4040-951E-2686556D4B83}.Release|Any CPU.Build.0 = Release|Any CPU
		{B29F7258-3C78-409F-8DD6-E88E79E1B50E}.Debug|Any CPU.ActiveCfg = Debug|Any CPU
		{B29F7258-3C78-409F-8DD6-E88E79E1B50E}.Debug|Any CPU.Build.0 = Debug|Any CPU
		{B29F7258-3C78-409F-8DD6-E88E79E1B50E}.Release|Any CPU.ActiveCfg = Release|Any CPU
		{B29F7258-3C78-409F-8DD6-E88E79E1B50E}.Release|Any CPU.Build.0 = Release|Any CPU
		{0852E566-7B69-4916-B55F-1A64C1027D8F}.Debug|Any CPU.ActiveCfg = Debug|Any CPU
		{0852E566-7B69-4916-B55F-1A64C1027D8F}.Debug|Any CPU.Build.0 = Debug|Any CPU
		{0852E566-7B69-4916-B55F-1A64C1027D8F}.Release|Any CPU.ActiveCfg = Release|Any CPU
		{0852E566-7B69-4916-B55F-1A64C1027D8F}.Release|Any CPU.Build.0 = Release|Any CPU
	EndGlobalSection
	GlobalSection(SolutionProperties) = preSolution
		HideSolutionNode = FALSE
	EndGlobalSection
	GlobalSection(ExtensibilityGlobals) = postSolution
		SolutionGuid = {CCD434AB-0C58-4FC8-9F4D-FEED8FFEDE5C}
	EndGlobalSection
EndGlobal
